{
  "name": "node-service-example",
  "version": "0.0.1",
  "lockfileVersion": 3,
  "requires": true,
  "packages": {
    "": {
      "name": "node-service-example",
      "version": "0.0.1",
      "dependencies": {
        "@riddance/service": "../"
      },
      "engines": {
        "node": ">=24"
      }
    },
    "..": {},
    "node_modules/@riddance/service": {
      "resolved": "..",
      "link": true
    }
  }
}
