{
  "name": "node-service-example",
  "version": "0.0.1",
  "lockfileVersion": 3,
  "requires": true,
  "packages": {
    "": {
      "name": "node-service-example",
      "version": "0.0.1",
      "dependencies": {
        "@riddance/service": "../"
      },
      "engines": {
        "node": ">=22"
      }
    },
    "..": {
      "name": "@riddance/service",
      "version": "0.2.4",
      "license": "MIT",
      "dependencies": {
        "@riddance/host": "0.2.3",
        "cron": "4.3.3",
        "jose": "6.0.12"
      },
      "devDependencies": {
        "@riddance/env": "0.9.1"
      },
      "engines": {
        "node": ">=22"
      }
    },
    "node_modules/@riddance/service": {
      "resolved": "..",
      "link": true
    }
  }
}
