{
  "name": "node-service-example",
  "version": "0.0.1",
  "lockfileVersion": 3,
  "requires": true,
  "packages": {
    "": {
      "name": "node-service-example",
      "version": "0.0.1",
      "dependencies": {
        "@riddance/service": "../"
      },
      "engines": {
        "node": ">=22"
      }
    },
    "..": {
      "name": "@riddance/service",
      "version": "0.2.9-rc1",
      "license": "MIT",
      "dependencies": {
        "@riddance/host": "file:riddance-host-0.2.6-rc1.tgz",
        "cron": "4.3.5",
        "jose": "6.1.3"
      },
      "devDependencies": {
        "@riddance/env": "file:riddance-env-0.9.7-rc1.tgz"
      },
      "engines": {
        "node": ">=22"
      }
    },
    "node_modules/@riddance/service": {
      "resolved": "..",
      "link": true
    }
  }
}
